
Microsoft Visual Studio Solution File, Format Version 12.00
# Visual Studio 15
VisualStudioVersion = 15.0.28307.489
MinimumVisualStudioVersion = 10.0.40219.1
Project("{FAE04EC0-301F-11D3-BF4B-00C04F79EFBC}") = "WebApplication1", "WebApplication1\WebApplication1.csproj", "{6E10EE2C-5573-4C7F-AE7C-95899BD7B1CC}"
EndProject
Global
	GlobalSection(SolutionConfigurationPlatforms) = preSolution
		Debug|Any CPU = Debug|Any CPU
		Release|Any CPU = Release|Any CPU
	EndGlobalSection
	GlobalSection(ProjectConfigurationPlatforms) = postSolution
		{6E10EE2C-5573-4C7F-AE7C-95899BD7B1CC}.Debug|Any CPU.ActiveCfg = Debug|Any CPU
		{6E10EE2C-5573-4C7F-AE7C-95899BD7B1CC}.Debug|Any CPU.Build.0 = Debug|Any CPU
		{6E10EE2C-5573-4C7F-AE7C-95899BD7B1CC}.Release|Any CPU.ActiveCfg = Release|Any CPU
		{6E10EE2C-5573-4C7F-AE7C-95899BD7B1CC}.Release|Any CPU.Build.0 = Release|Any CPU
	EndGlobalSection
	GlobalSection(SolutionProperties) = preSolution
		HideSolutionNode = FALSE
	EndGlobalSection
	GlobalSection(ExtensibilityGlobals) = postSolution
		SolutionGuid = {0E3C9508-9E3F-4CEA-AE9E-3C8DB73D1673}
	EndGlobalSection
EndGlobal
